
Microsoft Visual Studio Solution File, Format Version 12.00
# Visual Studio Version 17
VisualStudioVersion = 17.13.35931.197
MinimumVisualStudioVersion = 10.0.40219.1
Project("{FAE04EC0-301F-11D3-BF4B-00C04F79EFBC}") = "BlogApi", "BlogApi\BlogApi.csproj", "{18BBF066-602A-4AE5-AB26-19C96D5D40A8}"
EndProject
Project("{FAE04EC0-301F-11D3-BF4B-00C04F79EFBC}") = "BlogApi.Tests", "BlogApi.Tests\BlogApi.Tests.csproj", "{4F9FE7B6-291E-4B44-A93C-991F363D5F41}"
EndProject
Global
	GlobalSection(SolutionConfigurationPlatforms) = preSolution
		Debug|Any CPU = Debug|Any CPU
		Release|Any CPU = Release|Any CPU
	EndGlobalSection
	GlobalSection(ProjectConfigurationPlatforms) = postSolution
		{18BBF066-602A-4AE5-AB26-19C96D5D40A8}.Debug|Any CPU.ActiveCfg = Debug|Any CPU
		{18BBF066-602A-4AE5-AB26-19C96D5D40A8}.Debug|Any CPU.Build.0 = Debug|Any CPU
		{18BBF066-602A-4AE5-AB26-19C96D5D40A8}.Release|Any CPU.ActiveCfg = Release|Any CPU
		{18BBF066-602A-4AE5-AB26-19C96D5D40A8}.Release|Any CPU.Build.0 = Release|Any CPU
		{4F9FE7B6-291E-4B44-A93C-991F363D5F41}.Debug|Any CPU.ActiveCfg = Debug|Any CPU
		{4F9FE7B6-291E-4B44-A93C-991F363D5F41}.Debug|Any CPU.Build.0 = Debug|Any CPU
		{4F9FE7B6-291E-4B44-A93C-991F363D5F41}.Release|Any CPU.ActiveCfg = Release|Any CPU
		{4F9FE7B6-291E-4B44-A93C-991F363D5F41}.Release|Any CPU.Build.0 = Release|Any CPU
	EndGlobalSection
	GlobalSection(SolutionProperties) = preSolution
		HideSolutionNode = FALSE
	EndGlobalSection
	GlobalSection(ExtensibilityGlobals) = postSolution
		SolutionGuid = {A62D7850-450A-4F44-A66B-543AC729E308}
	EndGlobalSection
EndGlobal
